{
  "name": "todo",
  "version": "1.0.0",
  "lockfileVersion": 2,
  "requires": true,
  "packages": {
    "": {
      "name": "todo",
      "version": "1.0.0",
      "license": "MIT",
      "dependencies": {
        "bootstrap-icons": "^1.9.1",
        "chartist": "^1.1.3"
      }
    },
    "node_modules/bootstrap-icons": {
      "version": "1.9.1",
      "resolved": "https://registry.npmjs.org/bootstrap-icons/-/bootstrap-icons-1.9.1.tgz",
      "integrity": "sha512-d4ZkO30MIkAhQ2nNRJqKXJVEQorALGbLWTuRxyCTJF96lRIV6imcgMehWGJUiJMJhglN0o2tqLIeDnMdiQEE9g=="
    },
    "node_modules/chartist": {
      "version": "1.1.3",
      "resolved": "https://registry.npmjs.org/chartist/-/chartist-1.1.3.tgz",
      "integrity": "sha512-Knw1TmjQDqJbTZ2FY90ACOo0WLlpiu3F2swC6w6WhqllagUvwIGRQ58anIefpD5Xqhn8NjERo15XqxVMqUlnig==",
      "engines": {
        "node": ">=14"
      }
    }
  },
  "dependencies": {
    "bootstrap-icons": {
      "version": "1.9.1",
      "resolved": "https://registry.npmjs.org/bootstrap-icons/-/bootstrap-icons-1.9.1.tgz",
      "integrity": "sha512-d4ZkO30MIkAhQ2nNRJqKXJVEQorALGbLWTuRxyCTJF96lRIV6imcgMehWGJUiJMJhglN0o2tqLIeDnMdiQEE9g=="
    },
    "chartist": {
      "version": "1.1.3",
      "resolved": "https://registry.npmjs.org/chartist/-/chartist-1.1.3.tgz",
      "integrity": "sha512-Knw1TmjQDqJbTZ2FY90ACOo0WLlpiu3F2swC6w6WhqllagUvwIGRQ58anIefpD5Xqhn8NjERo15XqxVMqUlnig=="
    }
  }
}
